
Microsoft Visual Studio Solution File, Format Version 12.00
# Visual Studio Version 16
VisualStudioVersion = 16.0.30413.136
MinimumVisualStudioVersion = 10.0.40219.1
Project("{FAE04EC0-301F-11D3-BF4B-00C04F79EFBC}") = "haromszogek", "haromszogek\haromszogek.csproj", "{8C495E2B-458B-4D45-9C41-4CA64CDB08A5}"
EndProject
Global
	GlobalSection(SolutionConfigurationPlatforms) = preSolution
		Debug|Any CPU = Debug|Any CPU
		Release|Any CPU = Release|Any CPU
	EndGlobalSection
	GlobalSection(ProjectConfigurationPlatforms) = postSolution
		{8C495E2B-458B-4D45-9C41-4CA64CDB08A5}.Debug|Any CPU.ActiveCfg = Debug|Any CPU
		{8C495E2B-458B-4D45-9C41-4CA64CDB08A5}.Debug|Any CPU.Build.0 = Debug|Any CPU
		{8C495E2B-458B-4D45-9C41-4CA64CDB08A5}.Release|Any CPU.ActiveCfg = Release|Any CPU
		{8C495E2B-458B-4D45-9C41-4CA64CDB08A5}.Release|Any CPU.Build.0 = Release|Any CPU
	EndGlobalSection
	GlobalSection(SolutionProperties) = preSolution
		HideSolutionNode = FALSE
	EndGlobalSection
	GlobalSection(ExtensibilityGlobals) = postSolution
		SolutionGuid = {439EE3C1-1917-423D-9942-EDBE19739513}
	EndGlobalSection
EndGlobal
